
Microsoft Visual Studio Solution File, Format Version 12.00
# Visual Studio Version 17
VisualStudioVersion = 17.11.35222.181
MinimumVisualStudioVersion = 10.0.40219.1
Project("{FAE04EC0-301F-11D3-BF4B-00C04F79EFBC}") = "Lab3", "Lab3\Lab3.csproj", "{92239FD3-20FF-46C6-97FD-DF85AC8AED31}"
EndProject
Global
	GlobalSection(SolutionConfigurationPlatforms) = preSolution
		Debug|Any CPU = Debug|Any CPU
		Release|Any CPU = Release|Any CPU
	EndGlobalSection
	GlobalSection(ProjectConfigurationPlatforms) = postSolution
		{92239FD3-20FF-46C6-97FD-DF85AC8AED31}.Debug|Any CPU.ActiveCfg = Debug|Any CPU
		{92239FD3-20FF-46C6-97FD-DF85AC8AED31}.Debug|Any CPU.Build.0 = Debug|Any CPU
		{92239FD3-20FF-46C6-97FD-DF85AC8AED31}.Release|Any CPU.ActiveCfg = Release|Any CPU
		{92239FD3-20FF-46C6-97FD-DF85AC8AED31}.Release|Any CPU.Build.0 = Release|Any CPU
	EndGlobalSection
	GlobalSection(SolutionProperties) = preSolution
		HideSolutionNode = FALSE
	EndGlobalSection
	GlobalSection(ExtensibilityGlobals) = postSolution
		SolutionGuid = {1396C033-3B73-4054-B70F-1E72FA317CDD}
	EndGlobalSection
EndGlobal
