
Microsoft Visual Studio Solution File, Format Version 12.00
# Visual Studio Version 17
VisualStudioVersion = 17.11.35222.181
MinimumVisualStudioVersion = 10.0.40219.1
Project("{FAE04EC0-301F-11D3-BF4B-00C04F79EFBC}") = "Lab1", "Lab1\Lab1.csproj", "{F4E7565D-18F6-46A2-80F4-BF05D020C58C}"
EndProject
Global
	GlobalSection(SolutionConfigurationPlatforms) = preSolution
		Debug|Any CPU = Debug|Any CPU
		Release|Any CPU = Release|Any CPU
	EndGlobalSection
	GlobalSection(ProjectConfigurationPlatforms) = postSolution
		{F4E7565D-18F6-46A2-80F4-BF05D020C58C}.Debug|Any CPU.ActiveCfg = Debug|Any CPU
		{F4E7565D-18F6-46A2-80F4-BF05D020C58C}.Debug|Any CPU.Build.0 = Debug|Any CPU
		{F4E7565D-18F6-46A2-80F4-BF05D020C58C}.Release|Any CPU.ActiveCfg = Release|Any CPU
		{F4E7565D-18F6-46A2-80F4-BF05D020C58C}.Release|Any CPU.Build.0 = Release|Any CPU
	EndGlobalSection
	GlobalSection(SolutionProperties) = preSolution
		HideSolutionNode = FALSE
	EndGlobalSection
	GlobalSection(ExtensibilityGlobals) = postSolution
		SolutionGuid = {09A09EF4-8031-4A5F-915D-A77C5A871CA8}
	EndGlobalSection
EndGlobal
